# THIS IS AN AUTOGENERATED FILE. DO NOT EDIT THIS FILE DIRECTLY.
# yarn lockfile v1


"@mdi/font@^7.2.96":
  version "7.2.96"
  resolved "https://registry.yarnpkg.com/@mdi/font/-/font-7.2.96.tgz#af800d9fe3b424f85ad45e9baa755bd003ab4986"
  integrity sha512-e//lmkmpFUMZKhmCY9zdjRe4zNXfbOIJnn6xveHbaV2kSw5aJ5dLXUxcRt1Gxfi7ZYpFLUWlkG2MGSFAiqAu7w==
